
Microsoft Visual Studio Solution File, Format Version 12.00
# Visual Studio 15
VisualStudioVersion = 15.0.28307.329
MinimumVisualStudioVersion = 10.0.40219.1
Project("{FAE04EC0-301F-11D3-BF4B-00C04F79EFBC}") = "Testing", "Testing\Testing.csproj", "{FD044662-2C80-4313-B86A-2F5B7AA54906}"
EndProject
Project("{FAE04EC0-301F-11D3-BF4B-00C04F79EFBC}") = "Testing.UnitTests", "Testing.UnitTests\Testing.UnitTests.csproj", "{99C4FA06-C183-40A8-A5E0-8EE696D0C542}"
EndProject
Global
	GlobalSection(SolutionConfigurationPlatforms) = preSolution
		Debug|Any CPU = Debug|Any CPU
		Release|Any CPU = Release|Any CPU
	EndGlobalSection
	GlobalSection(ProjectConfigurationPlatforms) = postSolution
		{FD044662-2C80-4313-B86A-2F5B7AA54906}.Debug|Any CPU.ActiveCfg = Debug|Any CPU
		{FD044662-2C80-4313-B86A-2F5B7AA54906}.Debug|Any CPU.Build.0 = Debug|Any CPU
		{FD044662-2C80-4313-B86A-2F5B7AA54906}.Release|Any CPU.ActiveCfg = Release|Any CPU
		{FD044662-2C80-4313-B86A-2F5B7AA54906}.Release|Any CPU.Build.0 = Release|Any CPU
		{99C4FA06-C183-40A8-A5E0-8EE696D0C542}.Debug|Any CPU.ActiveCfg = Debug|Any CPU
		{99C4FA06-C183-40A8-A5E0-8EE696D0C542}.Debug|Any CPU.Build.0 = Debug|Any CPU
		{99C4FA06-C183-40A8-A5E0-8EE696D0C542}.Release|Any CPU.ActiveCfg = Release|Any CPU
		{99C4FA06-C183-40A8-A5E0-8EE696D0C542}.Release|Any CPU.Build.0 = Release|Any CPU
	EndGlobalSection
	GlobalSection(SolutionProperties) = preSolution
		HideSolutionNode = FALSE
	EndGlobalSection
	GlobalSection(ExtensibilityGlobals) = postSolution
		SolutionGuid = {8397EBA3-24B2-458A-AB03-CD9625B302A0}
	EndGlobalSection
EndGlobal
